
Microsoft Visual Studio Solution File, Format Version 12.00
# Visual Studio Version 17
VisualStudioVersion = 17.5.2.0
MinimumVisualStudioVersion = 10.0.40219.1
Project("{FAE04EC0-301F-11D3-BF4B-00C04F79EFBC}") = "CC_ChatQueue", "CC_ChatQueue\CC_ChatQueue.csproj", "{76F37B5A-79AC-3A82-6099-BE5A7EA39EB5}"
EndProject
Project("{FAE04EC0-301F-11D3-BF4B-00C04F79EFBC}") = "CC_ChatQueue.Tests", "CC_ChatQueue.Tests\CC_ChatQueue.Tests.csproj", "{8424C3E4-14C7-4DEF-AA7F-E900B00B08B4}"
EndProject
Project("{FAE04EC0-301F-11D3-BF4B-00C04F79EFBC}") = "CC_ChatQueue.Test", "CC_ChatQueue.Test\CC_ChatQueue.Test.csproj", "{2EAEE42C-ED13-4327-B394-D7D2EE6A2DE8}"
EndProject
Global
	GlobalSection(SolutionConfigurationPlatforms) = preSolution
		Debug|Any CPU = Debug|Any CPU
		Debug|x64 = Debug|x64
		Debug|x86 = Debug|x86
		Release|Any CPU = Release|Any CPU
		Release|x64 = Release|x64
		Release|x86 = Release|x86
	EndGlobalSection
	GlobalSection(ProjectConfigurationPlatforms) = postSolution
		{76F37B5A-79AC-3A82-6099-BE5A7EA39EB5}.Debug|Any CPU.ActiveCfg = Debug|Any CPU
		{76F37B5A-79AC-3A82-6099-BE5A7EA39EB5}.Debug|Any CPU.Build.0 = Debug|Any CPU
		{76F37B5A-79AC-3A82-6099-BE5A7EA39EB5}.Debug|x64.ActiveCfg = Debug|Any CPU
		{76F37B5A-79AC-3A82-6099-BE5A7EA39EB5}.Debug|x64.Build.0 = Debug|Any CPU
		{76F37B5A-79AC-3A82-6099-BE5A7EA39EB5}.Debug|x86.ActiveCfg = Debug|Any CPU
		{76F37B5A-79AC-3A82-6099-BE5A7EA39EB5}.Debug|x86.Build.0 = Debug|Any CPU
		{76F37B5A-79AC-3A82-6099-BE5A7EA39EB5}.Release|Any CPU.ActiveCfg = Release|Any CPU
		{76F37B5A-79AC-3A82-6099-BE5A7EA39EB5}.Release|Any CPU.Build.0 = Release|Any CPU
		{76F37B5A-79AC-3A82-6099-BE5A7EA39EB5}.Release|x64.ActiveCfg = Release|Any CPU
		{76F37B5A-79AC-3A82-6099-BE5A7EA39EB5}.Release|x64.Build.0 = Release|Any CPU
		{76F37B5A-79AC-3A82-6099-BE5A7EA39EB5}.Release|x86.ActiveCfg = Release|Any CPU
		{76F37B5A-79AC-3A82-6099-BE5A7EA39EB5}.Release|x86.Build.0 = Release|Any CPU
		{8424C3E4-14C7-4DEF-AA7F-E900B00B08B4}.Debug|Any CPU.ActiveCfg = Debug|Any CPU
		{8424C3E4-14C7-4DEF-AA7F-E900B00B08B4}.Debug|Any CPU.Build.0 = Debug|Any CPU
		{8424C3E4-14C7-4DEF-AA7F-E900B00B08B4}.Debug|x64.ActiveCfg = Debug|Any CPU
		{8424C3E4-14C7-4DEF-AA7F-E900B00B08B4}.Debug|x64.Build.0 = Debug|Any CPU
		{8424C3E4-14C7-4DEF-AA7F-E900B00B08B4}.Debug|x86.ActiveCfg = Debug|Any CPU
		{8424C3E4-14C7-4DEF-AA7F-E900B00B08B4}.Debug|x86.Build.0 = Debug|Any CPU
		{8424C3E4-14C7-4DEF-AA7F-E900B00B08B4}.Release|Any CPU.ActiveCfg = Release|Any CPU
		{8424C3E4-14C7-4DEF-AA7F-E900B00B08B4}.Release|Any CPU.Build.0 = Release|Any CPU
		{8424C3E4-14C7-4DEF-AA7F-E900B00B08B4}.Release|x64.ActiveCfg = Release|Any CPU
		{8424C3E4-14C7-4DEF-AA7F-E900B00B08B4}.Release|x64.Build.0 = Release|Any CPU
		{8424C3E4-14C7-4DEF-AA7F-E900B00B08B4}.Release|x86.ActiveCfg = Release|Any CPU
		{8424C3E4-14C7-4DEF-AA7F-E900B00B08B4}.Release|x86.Build.0 = Release|Any CPU
		{2EAEE42C-ED13-4327-B394-D7D2EE6A2DE8}.Debug|Any CPU.ActiveCfg = Debug|Any CPU
		{2EAEE42C-ED13-4327-B394-D7D2EE6A2DE8}.Debug|Any CPU.Build.0 = Debug|Any CPU
		{2EAEE42C-ED13-4327-B394-D7D2EE6A2DE8}.Debug|x64.ActiveCfg = Debug|Any CPU
		{2EAEE42C-ED13-4327-B394-D7D2EE6A2DE8}.Debug|x64.Build.0 = Debug|Any CPU
		{2EAEE42C-ED13-4327-B394-D7D2EE6A2DE8}.Debug|x86.ActiveCfg = Debug|Any CPU
		{2EAEE42C-ED13-4327-B394-D7D2EE6A2DE8}.Debug|x86.Build.0 = Debug|Any CPU
		{2EAEE42C-ED13-4327-B394-D7D2EE6A2DE8}.Release|Any CPU.ActiveCfg = Release|Any CPU
		{2EAEE42C-ED13-4327-B394-D7D2EE6A2DE8}.Release|Any CPU.Build.0 = Release|Any CPU
		{2EAEE42C-ED13-4327-B394-D7D2EE6A2DE8}.Release|x64.ActiveCfg = Release|Any CPU
		{2EAEE42C-ED13-4327-B394-D7D2EE6A2DE8}.Release|x64.Build.0 = Release|Any CPU
		{2EAEE42C-ED13-4327-B394-D7D2EE6A2DE8}.Release|x86.ActiveCfg = Release|Any CPU
		{2EAEE42C-ED13-4327-B394-D7D2EE6A2DE8}.Release|x86.Build.0 = Release|Any CPU
	EndGlobalSection
	GlobalSection(SolutionProperties) = preSolution
		HideSolutionNode = FALSE
	EndGlobalSection
	GlobalSection(ExtensibilityGlobals) = postSolution
		SolutionGuid = {7EC9F1C5-923E-46EE-8BE8-C55D7EC6302B}
	EndGlobalSection
EndGlobal
