Microsoft Visual Studio Solution File, Format Version 12.00
# Visual Studio Version 17
VisualStudioVersion = 17.5.2.0
MinimumVisualStudioVersion = 10.0.40219.1
Project("{FAE04EC0-301F-11D3-BF4B-00C04F79EFBC}") = "CC_ChatQueue", "CC_ChatQueue.csproj", "{DBAAE401-B135-3F51-B50F-11CF615EDD0A}"
EndProject
Global
	GlobalSection(SolutionConfigurationPlatforms) = preSolution
		Debug|Any CPU = Debug|Any CPU
		Release|Any CPU = Release|Any CPU
	EndGlobalSection
	GlobalSection(ProjectConfigurationPlatforms) = postSolution
		{DBAAE401-B135-3F51-B50F-11CF615EDD0A}.Debug|Any CPU.ActiveCfg = Debug|Any CPU
		{DBAAE401-B135-3F51-B50F-11CF615EDD0A}.Debug|Any CPU.Build.0 = Debug|Any CPU
		{DBAAE401-B135-3F51-B50F-11CF615EDD0A}.Release|Any CPU.ActiveCfg = Release|Any CPU
		{DBAAE401-B135-3F51-B50F-11CF615EDD0A}.Release|Any CPU.Build.0 = Release|Any CPU
	EndGlobalSection
	GlobalSection(SolutionProperties) = preSolution
		HideSolutionNode = FALSE
	EndGlobalSection
	GlobalSection(ExtensibilityGlobals) = postSolution
		SolutionGuid = {8C41F286-FC71-4F23-97A0-2E25540EF5B9}
	EndGlobalSection
EndGlobal
